
Microsoft Visual Studio Solution File, Format Version 12.00
# Visual Studio Version 16
VisualStudioVersion = 16.0.29613.14
MinimumVisualStudioVersion = 10.0.40219.1
Project("{151D2E53-A2C4-4D7D-83FE-D05416EBD58E}") = "armproj", "armproj\armproj.deployproj", "{BD33B9C4-1BFB-486C-931B-66C338357D53}"
EndProject
Global
	GlobalSection(SolutionConfigurationPlatforms) = preSolution
		Debug|Any CPU = Debug|Any CPU
		Release|Any CPU = Release|Any CPU
	EndGlobalSection
	GlobalSection(ProjectConfigurationPlatforms) = postSolution
		{BD33B9C4-1BFB-486C-931B-66C338357D53}.Debug|Any CPU.ActiveCfg = Debug|Any CPU
		{BD33B9C4-1BFB-486C-931B-66C338357D53}.Debug|Any CPU.Build.0 = Debug|Any CPU
		{BD33B9C4-1BFB-486C-931B-66C338357D53}.Release|Any CPU.ActiveCfg = Release|Any CPU
		{BD33B9C4-1BFB-486C-931B-66C338357D53}.Release|Any CPU.Build.0 = Release|Any CPU
	EndGlobalSection
	GlobalSection(SolutionProperties) = preSolution
		HideSolutionNode = FALSE
	EndGlobalSection
	GlobalSection(ExtensibilityGlobals) = postSolution
		SolutionGuid = {0478234E-0E58-4B5B-BCAB-B128B7AC2D88}
	EndGlobalSection
EndGlobal
